
Microsoft Visual Studio Solution File, Format Version 12.00
# Visual Studio Version 17
VisualStudioVersion = 17.11.35208.52
MinimumVisualStudioVersion = 10.0.40219.1
Project("{FAE04EC0-301F-11D3-BF4B-00C04F79EFBC}") = "OpenAIBatchApp", "OpenAIBatchApp.csproj", "{5753CC46-4B7A-44D0-ACFD-10B59E8EF4C5}"
EndProject
Global
	GlobalSection(SolutionConfigurationPlatforms) = preSolution
		Debug|Any CPU = Debug|Any CPU
		Release|Any CPU = Release|Any CPU
	EndGlobalSection
	GlobalSection(ProjectConfigurationPlatforms) = postSolution
		{5753CC46-4B7A-44D0-ACFD-10B59E8EF4C5}.Debug|Any CPU.ActiveCfg = Debug|Any CPU
		{5753CC46-4B7A-44D0-ACFD-10B59E8EF4C5}.Debug|Any CPU.Build.0 = Debug|Any CPU
		{5753CC46-4B7A-44D0-ACFD-10B59E8EF4C5}.Release|Any CPU.ActiveCfg = Release|Any CPU
		{5753CC46-4B7A-44D0-ACFD-10B59E8EF4C5}.Release|Any CPU.Build.0 = Release|Any CPU
	EndGlobalSection
	GlobalSection(SolutionProperties) = preSolution
		HideSolutionNode = FALSE
	EndGlobalSection
	GlobalSection(ExtensibilityGlobals) = postSolution
		SolutionGuid = {81E255B6-214B-4329-96BF-34A706ADBE87}
	EndGlobalSection
EndGlobal
